// !$*UTF8*$!
{
	archiveVersion = 1;
	classes = {
	};
	objectVersion = 55;
	objects = {

/* Begin PBXBuildFile section */
		C560157C28760E05008274D1 /* AppDelegate.swift in Sources */ = {isa = PBXBuildFile; fileRef = C560157B28760E05008274D1 /* AppDelegate.swift */; };
		C560157E28760E05008274D1 /* SceneDelegate.swift in Sources */ = {isa = PBXBuildFile; fileRef = C560157D28760E05008274D1 /* SceneDelegate.swift */; };
		C560158528760E06008274D1 /* Assets.xcassets in Resources */ = {isa = PBXBuildFile; fileRef = C560158428760E06008274D1 /* Assets.xcassets */; };
		C560158828760E06008274D1 /* LaunchScreen.storyboard in Resources */ = {isa = PBXBuildFile; fileRef = C560158628760E06008274D1 /* LaunchScreen.storyboard */; };
		C5601597287667EE008274D1 /* LogPresenter.swift in Sources */ = {isa = PBXBuildFile; fileRef = C5601590287667EE008274D1 /* LogPresenter.swift */; };
		C5601598287667EE008274D1 /* LogLocalDataManager.swift in Sources */ = {isa = PBXBuildFile; fileRef = C5601591287667EE008274D1 /* LogLocalDataManager.swift */; };
		C5601599287667EE008274D1 /* LogProtocols.swift in Sources */ = {isa = PBXBuildFile; fileRef = C5601592287667EE008274D1 /* LogProtocols.swift */; };
		C560159A287667EE008274D1 /* LogInteractor.swift in Sources */ = {isa = PBXBuildFile; fileRef = C5601593287667EE008274D1 /* LogInteractor.swift */; };
		C560159B287667EE008274D1 /* LogView.swift in Sources */ = {isa = PBXBuildFile; fileRef = C5601594287667EE008274D1 /* LogView.swift */; };
		C560159C287667EE008274D1 /* LogRemoteDataManager.swift in Sources */ = {isa = PBXBuildFile; fileRef = C5601595287667EE008274D1 /* LogRemoteDataManager.swift */; };
		C560159D287667EE008274D1 /* LogWireFrame.swift in Sources */ = {isa = PBXBuildFile; fileRef = C5601596287667EE008274D1 /* LogWireFrame.swift */; };
		C560159F2876694B008274D1 /* LogView.storyboard in Resources */ = {isa = PBXBuildFile; fileRef = C560159E2876694B008274D1 /* LogView.storyboard */; };
		C56015A828767301008274D1 /* HomePresenter.swift in Sources */ = {isa = PBXBuildFile; fileRef = C56015A128767301008274D1 /* HomePresenter.swift */; };
		C56015A928767301008274D1 /* HomeLocalDataManager.swift in Sources */ = {isa = PBXBuildFile; fileRef = C56015A228767301008274D1 /* HomeLocalDataManager.swift */; };
		C56015AA28767301008274D1 /* HomeProtocols.swift in Sources */ = {isa = PBXBuildFile; fileRef = C56015A328767301008274D1 /* HomeProtocols.swift */; };
		C56015AB28767301008274D1 /* HomeInteractor.swift in Sources */ = {isa = PBXBuildFile; fileRef = C56015A428767301008274D1 /* HomeInteractor.swift */; };
		C56015AC28767301008274D1 /* HomeView.swift in Sources */ = {isa = PBXBuildFile; fileRef = C56015A528767301008274D1 /* HomeView.swift */; };
		C56015AD28767301008274D1 /* HomeRemoteDataManager.swift in Sources */ = {isa = PBXBuildFile; fileRef = C56015A628767301008274D1 /* HomeRemoteDataManager.swift */; };
		C56015AE28767301008274D1 /* HomeWireFrame.swift in Sources */ = {isa = PBXBuildFile; fileRef = C56015A728767301008274D1 /* HomeWireFrame.swift */; };
		C56015B028767CDB008274D1 /* HomeView.storyboard in Resources */ = {isa = PBXBuildFile; fileRef = C56015AF28767CDB008274D1 /* HomeView.storyboard */; };
		C56015B22876990E008274D1 /* LogEntity.swift in Sources */ = {isa = PBXBuildFile; fileRef = C56015B12876990E008274D1 /* LogEntity.swift */; };
/* End PBXBuildFile section */

/* Begin PBXFileReference section */
		C560157828760E05008274D1 /* IAInteractive.app */ = {isa = PBXFileReference; explicitFileType = wrapper.application; includeInIndex = 0; path = IAInteractive.app; sourceTree = BUILT_PRODUCTS_DIR; };
		C560157B28760E05008274D1 /* AppDelegate.swift */ = {isa = PBXFileReference; lastKnownFileType = sourcecode.swift; path = AppDelegate.swift; sourceTree = "<group>"; };
		C560157D28760E05008274D1 /* SceneDelegate.swift */ = {isa = PBXFileReference; lastKnownFileType = sourcecode.swift; path = SceneDelegate.swift; sourceTree = "<group>"; };
		C560158428760E06008274D1 /* Assets.xcassets */ = {isa = PBXFileReference; lastKnownFileType = folder.assetcatalog; path = Assets.xcassets; sourceTree = "<group>"; };
		C560158728760E06008274D1 /* Base */ = {isa = PBXFileReference; lastKnownFileType = file.storyboard; name = Base; path = Base.lproj/LaunchScreen.storyboard; sourceTree = "<group>"; };
		C560158928760E06008274D1 /* Info.plist */ = {isa = PBXFileReference; lastKnownFileType = text.plist.xml; path = Info.plist; sourceTree = "<group>"; };
		C5601590287667EE008274D1 /* LogPresenter.swift */ = {isa = PBXFileReference; lastKnownFileType = sourcecode.swift; path = LogPresenter.swift; sourceTree = "<group>"; };
		C5601591287667EE008274D1 /* LogLocalDataManager.swift */ = {isa = PBXFileReference; lastKnownFileType = sourcecode.swift; path = LogLocalDataManager.swift; sourceTree = "<group>"; };
		C5601592287667EE008274D1 /* LogProtocols.swift */ = {isa = PBXFileReference; lastKnownFileType = sourcecode.swift; path = LogProtocols.swift; sourceTree = "<group>"; };
		C5601593287667EE008274D1 /* LogInteractor.swift */ = {isa = PBXFileReference; lastKnownFileType = sourcecode.swift; path = LogInteractor.swift; sourceTree = "<group>"; };
		C5601594287667EE008274D1 /* LogView.swift */ = {isa = PBXFileReference; lastKnownFileType = sourcecode.swift; path = LogView.swift; sourceTree = "<group>"; };
		C5601595287667EE008274D1 /* LogRemoteDataManager.swift */ = {isa = PBXFileReference; lastKnownFileType = sourcecode.swift; path = LogRemoteDataManager.swift; sourceTree = "<group>"; };
		C5601596287667EE008274D1 /* LogWireFrame.swift */ = {isa = PBXFileReference; lastKnownFileType = sourcecode.swift; path = LogWireFrame.swift; sourceTree = "<group>"; };
		C560159E2876694B008274D1 /* LogView.storyboard */ = {isa = PBXFileReference; lastKnownFileType = file.storyboard; path = LogView.storyboard; sourceTree = "<group>"; };
		C56015A128767301008274D1 /* HomePresenter.swift */ = {isa = PBXFileReference; lastKnownFileType = sourcecode.swift; path = HomePresenter.swift; sourceTree = "<group>"; };
		C56015A228767301008274D1 /* HomeLocalDataManager.swift */ = {isa = PBXFileReference; lastKnownFileType = sourcecode.swift; path = HomeLocalDataManager.swift; sourceTree = "<group>"; };
		C56015A328767301008274D1 /* HomeProtocols.swift */ = {isa = PBXFileReference; lastKnownFileType = sourcecode.swift; path = HomeProtocols.swift; sourceTree = "<group>"; };
		C56015A428767301008274D1 /* HomeInteractor.swift */ = {isa = PBXFileReference; lastKnownFileType = sourcecode.swift; path = HomeInteractor.swift; sourceTree = "<group>"; };
		C56015A528767301008274D1 /* HomeView.swift */ = {isa = PBXFileReference; lastKnownFileType = sourcecode.swift; path = HomeView.swift; sourceTree = "<group>"; };
		C56015A628767301008274D1 /* HomeRemoteDataManager.swift */ = {isa = PBXFileReference; lastKnownFileType = sourcecode.swift; path = HomeRemoteDataManager.swift; sourceTree = "<group>"; };
		C56015A728767301008274D1 /* HomeWireFrame.swift */ = {isa = PBXFileReference; lastKnownFileType = sourcecode.swift; path = HomeWireFrame.swift; sourceTree = "<group>"; };
		C56015AF28767CDB008274D1 /* HomeView.storyboard */ = {isa = PBXFileReference; lastKnownFileType = file.storyboard; path = HomeView.storyboard; sourceTree = "<group>"; };
		C56015B12876990E008274D1 /* LogEntity.swift */ = {isa = PBXFileReference; lastKnownFileType = sourcecode.swift; path = LogEntity.swift; sourceTree = "<group>"; };
/* End PBXFileReference section */

/* Begin PBXFrameworksBuildPhase section */
		C560157528760E05008274D1 /* Frameworks */ = {
			isa = PBXFrameworksBuildPhase;
			buildActionMask = 2147483647;
			files = (
			);
			runOnlyForDeploymentPostprocessing = 0;
		};
/* End PBXFrameworksBuildPhase section */

/* Begin PBXGroup section */
		C560156F28760E05008274D1 = {
			isa = PBXGroup;
			children = (
				C560157A28760E05008274D1 /* IAInteractive */,
				C560157928760E05008274D1 /* Products */,
			);
			sourceTree = "<group>";
		};
		C560157928760E05008274D1 /* Products */ = {
			isa = PBXGroup;
			children = (
				C560157828760E05008274D1 /* IAInteractive.app */,
			);
			name = Products;
			sourceTree = "<group>";
		};
		C560157A28760E05008274D1 /* IAInteractive */ = {
			isa = PBXGroup;
			children = (
				C560158F287667C6008274D1 /* Login */,
				C56015A0287672D9008274D1 /* Home */,
				C560157B28760E05008274D1 /* AppDelegate.swift */,
				C560157D28760E05008274D1 /* SceneDelegate.swift */,
				C560158428760E06008274D1 /* Assets.xcassets */,
				C560158628760E06008274D1 /* LaunchScreen.storyboard */,
				C560158928760E06008274D1 /* Info.plist */,
			);
			path = IAInteractive;
			sourceTree = "<group>";
		};
		C560158F287667C6008274D1 /* Login */ = {
			isa = PBXGroup;
			children = (
				C560159E2876694B008274D1 /* LogView.storyboard */,
				C5601594287667EE008274D1 /* LogView.swift */,
				C5601593287667EE008274D1 /* LogInteractor.swift */,
				C5601590287667EE008274D1 /* LogPresenter.swift */,
				C56015B12876990E008274D1 /* LogEntity.swift */,
				C5601592287667EE008274D1 /* LogProtocols.swift */,
				C5601591287667EE008274D1 /* LogLocalDataManager.swift */,
				C5601595287667EE008274D1 /* LogRemoteDataManager.swift */,
				C5601596287667EE008274D1 /* LogWireFrame.swift */,
			);
			path = Login;
			sourceTree = "<group>";
		};
		C56015A0287672D9008274D1 /* Home */ = {
			isa = PBXGroup;
			children = (
				C56015AF28767CDB008274D1 /* HomeView.storyboard */,
				C56015A528767301008274D1 /* HomeView.swift */,
				C56015A428767301008274D1 /* HomeInteractor.swift */,
				C56015A128767301008274D1 /* HomePresenter.swift */,
				C56015A228767301008274D1 /* HomeLocalDataManager.swift */,
				C56015A328767301008274D1 /* HomeProtocols.swift */,
				C56015A628767301008274D1 /* HomeRemoteDataManager.swift */,
				C56015A728767301008274D1 /* HomeWireFrame.swift */,
			);
			path = Home;
			sourceTree = "<group>";
		};
/* End PBXGroup section */

/* Begin PBXNativeTarget section */
		C560157728760E05008274D1 /* IAInteractive */ = {
			isa = PBXNativeTarget;
			buildConfigurationList = C560158C28760E06008274D1 /* Build configuration list for PBXNativeTarget "IAInteractive" */;
			buildPhases = (
				C560157428760E05008274D1 /* Sources */,
				C560157528760E05008274D1 /* Frameworks */,
				C560157628760E05008274D1 /* Resources */,
			);
			buildRules = (
			);
			dependencies = (
			);
			name = IAInteractive;
			productName = IAInteractive;
			productReference = C560157828760E05008274D1 /* IAInteractive.app */;
			productType = "com.apple.product-type.application";
		};
/* End PBXNativeTarget section */

/* Begin PBXProject section */
		C560157028760E05008274D1 /* Project object */ = {
			isa = PBXProject;
			attributes = {
				BuildIndependentTargetsInParallel = 1;
				LastSwiftUpdateCheck = 1320;
				LastUpgradeCheck = 1320;
				TargetAttributes = {
					C560157728760E05008274D1 = {
						CreatedOnToolsVersion = 13.2.1;
					};
				};
			};
			buildConfigurationList = C560157328760E05008274D1 /* Build configuration list for PBXProject "IAInteractive" */;
			compatibilityVersion = "Xcode 13.0";
			developmentRegion = en;
			hasScannedForEncodings = 0;
			knownRegions = (
				en,
				Base,
			);
			mainGroup = C560156F28760E05008274D1;
			productRefGroup = C560157928760E05008274D1 /* Products */;
			projectDirPath = "";
			projectRoot = "";
			targets = (
				C560157728760E05008274D1 /* IAInteractive */,
			);
		};
/* End PBXProject section */

/* Begin PBXResourcesBuildPhase section */
		C560157628760E05008274D1 /* Resources */ = {
			isa = PBXResourcesBuildPhase;
			buildActionMask = 2147483647;
			files = (
				C560158828760E06008274D1 /* LaunchScreen.storyboard in Resources */,
				C560159F2876694B008274D1 /* LogView.storyboard in Resources */,
				C56015B028767CDB008274D1 /* HomeView.storyboard in Resources */,
				C560158528760E06008274D1 /* Assets.xcassets in Resources */,
			);
			runOnlyForDeploymentPostprocessing = 0;
		};
/* End PBXResourcesBuildPhase section */

/* Begin PBXSourcesBuildPhase section */
		C560157428760E05008274D1 /* Sources */ = {
			isa = PBXSourcesBuildPhase;
			buildActionMask = 2147483647;
			files = (
				C560159D287667EE008274D1 /* LogWireFrame.swift in Sources */,
				C56015AC28767301008274D1 /* HomeView.swift in Sources */,
				C5601598287667EE008274D1 /* LogLocalDataManager.swift in Sources */,
				C56015B22876990E008274D1 /* LogEntity.swift in Sources */,
				C560159C287667EE008274D1 /* LogRemoteDataManager.swift in Sources */,
				C56015A828767301008274D1 /* HomePresenter.swift in Sources */,
				C56015AA28767301008274D1 /* HomeProtocols.swift in Sources */,
				C56015AD28767301008274D1 /* HomeRemoteDataManager.swift in Sources */,
				C560157C28760E05008274D1 /* AppDelegate.swift in Sources */,
				C56015A928767301008274D1 /* HomeLocalDataManager.swift in Sources */,
				C56015AE28767301008274D1 /* HomeWireFrame.swift in Sources */,
				C56015AB28767301008274D1 /* HomeInteractor.swift in Sources */,
				C560157E28760E05008274D1 /* SceneDelegate.swift in Sources */,
				C5601599287667EE008274D1 /* LogProtocols.swift in Sources */,
				C560159B287667EE008274D1 /* LogView.swift in Sources */,
				C5601597287667EE008274D1 /* LogPresenter.swift in Sources */,
				C560159A287667EE008274D1 /* LogInteractor.swift in Sources */,
			);
			runOnlyForDeploymentPostprocessing = 0;
		};
/* End PBXSourcesBuildPhase section */

/* Begin PBXVariantGroup section */
		C560158628760E06008274D1 /* LaunchScreen.storyboard */ = {
			isa = PBXVariantGroup;
			children = (
				C560158728760E06008274D1 /* Base */,
			);
			name = LaunchScreen.storyboard;
			sourceTree = "<group>";
		};
/* End PBXVariantGroup section */

/* Begin XCBuildConfiguration section */
		C560158A28760E06008274D1 /* Debug */ = {
			isa = XCBuildConfiguration;
			buildSettings = {
				ALWAYS_SEARCH_USER_PATHS = NO;
				CLANG_ANALYZER_NONNULL = YES;
				CLANG_ANALYZER_NUMBER_OBJECT_CONVERSION = YES_AGGRESSIVE;
				CLANG_CXX_LANGUAGE_STANDARD = "gnu++17";
				CLANG_CXX_LIBRARY = "libc++";
				CLANG_ENABLE_MODULES = YES;
				CLANG_ENABLE_OBJC_ARC = YES;
				CLANG_ENABLE_OBJC_WEAK = YES;
				CLANG_WARN_BLOCK_CAPTURE_AUTORELEASING = YES;
				CLANG_WARN_BOOL_CONVERSION = YES;
				CLANG_WARN_COMMA = YES;
				CLANG_WARN_CONSTANT_CONVERSION = YES;
				CLANG_WARN_DEPRECATED_OBJC_IMPLEMENTATIONS = YES;
				CLANG_WARN_DIRECT_OBJC_ISA_USAGE = YES_ERROR;
				CLANG_WARN_DOCUMENTATION_COMMENTS = YES;
				CLANG_WARN_EMPTY_BODY = YES;
				CLANG_WARN_ENUM_CONVERSION = YES;
				CLANG_WARN_INFINITE_RECURSION = YES;
				CLANG_WARN_INT_CONVERSION = YES;
				CLANG_WARN_NON_LITERAL_NULL_CONVERSION = YES;
				CLANG_WARN_OBJC_IMPLICIT_RETAIN_SELF = YES;
				CLANG_WARN_OBJC_LITERAL_CONVERSION = YES;
				CLANG_WARN_OBJC_ROOT_CLASS = YES_ERROR;
				CLANG_WARN_QUOTED_INCLUDE_IN_FRAMEWORK_HEADER = YES;
				CLANG_WARN_RANGE_LOOP_ANALYSIS = YES;
				CLANG_WARN_STRICT_PROTOTYPES = YES;
				CLANG_WARN_SUSPICIOUS_MOVE = YES;
				CLANG_WARN_UNGUARDED_AVAILABILITY = YES_AGGRESSIVE;
				CLANG_WARN_UNREACHABLE_CODE = YES;
				CLANG_WARN__DUPLICATE_METHOD_MATCH = YES;
				COPY_PHASE_STRIP = NO;
				DEBUG_INFORMATION_FORMAT = dwarf;
				ENABLE_STRICT_OBJC_MSGSEND = YES;
				ENABLE_TESTABILITY = YES;
				GCC_C_LANGUAGE_STANDARD = gnu11;
				GCC_DYNAMIC_NO_PIC = NO;
				GCC_NO_COMMON_BLOCKS = YES;
				GCC_OPTIMIZATION_LEVEL = 0;
				GCC_PREPROCESSOR_DEFINITIONS = (
					"DEBUG=1",
					"$(inherited)",
				);
				GCC_WARN_64_TO_32_BIT_CONVERSION = YES;
				GCC_WARN_ABOUT_RETURN_TYPE = YES_ERROR;
				GCC_WARN_UNDECLARED_SELECTOR = YES;
				GCC_WARN_UNINITIALIZED_AUTOS = YES_AGGRESSIVE;
				GCC_WARN_UNUSED_FUNCTION = YES;
				GCC_WARN_UNUSED_VARIABLE = YES;
				IPHONEOS_DEPLOYMENT_TARGET = 15.2;
				MTL_ENABLE_DEBUG_INFO = INCLUDE_SOURCE;
				MTL_FAST_MATH = YES;
				ONLY_ACTIVE_ARCH = YES;
				SDKROOT = iphoneos;
				SWIFT_ACTIVE_COMPILATION_CONDITIONS = DEBUG;
				SWIFT_OPTIMIZATION_LEVEL = "-Onone";
			};
			name = Debug;
		};
		C560158B28760E06008274D1 /* Release */ = {
			isa = XCBuildConfiguration;
			buildSettings = {
				ALWAYS_SEARCH_USER_PATHS = NO;
				CLANG_ANALYZER_NONNULL = YES;
				CLANG_ANALYZER_NUMBER_OBJECT_CONVERSION = YES_AGGRESSIVE;
				CLANG_CXX_LANGUAGE_STANDARD = "gnu++17";
				CLANG_CXX_LIBRARY = "libc++";
				CLANG_ENABLE_MODULES = YES;
				CLANG_ENABLE_OBJC_ARC = YES;
				CLANG_ENABLE_OBJC_WEAK = YES;
				CLANG_WARN_BLOCK_CAPTURE_AUTORELEASING = YES;
				CLANG_WARN_BOOL_CONVERSION = YES;
				CLANG_WARN_COMMA = YES;
				CLANG_WARN_CONSTANT_CONVERSION = YES;
				CLANG_WARN_DEPRECATED_OBJC_IMPLEMENTATIONS = YES;
				CLANG_WARN_DIRECT_OBJC_ISA_USAGE = YES_ERROR;
				CLANG_WARN_DOCUMENTATION_COMMENTS = YES;
				CLANG_WARN_EMPTY_BODY = YES;
				CLANG_WARN_ENUM_CONVERSION = YES;
				CLANG_WARN_INFINITE_RECURSION = YES;
				CLANG_WARN_INT_CONVERSION = YES;
				CLANG_WARN_NON_LITERAL_NULL_CONVERSION = YES;
				CLANG_WARN_OBJC_IMPLICIT_RETAIN_SELF = YES;
				CLANG_WARN_OBJC_LITERAL_CONVERSION = YES;
				CLANG_WARN_OBJC_ROOT_CLASS = YES_ERROR;
				CLANG_WARN_QUOTED_INCLUDE_IN_FRAMEWORK_HEADER = YES;
				CLANG_WARN_RANGE_LOOP_ANALYSIS = YES;
				CLANG_WARN_STRICT_PROTOTYPES = YES;
				CLANG_WARN_SUSPICIOUS_MOVE = YES;
				CLANG_WARN_UNGUARDED_AVAILABILITY = YES_AGGRESSIVE;
				CLANG_WARN_UNREACHABLE_CODE = YES;
				CLANG_WARN__DUPLICATE_METHOD_MATCH = YES;
				COPY_PHASE_STRIP = NO;
				DEBUG_INFORMATION_FORMAT = "dwarf-with-dsym";
				ENABLE_NS_ASSERTIONS = NO;
				ENABLE_STRICT_OBJC_MSGSEND = YES;
				GCC_C_LANGUAGE_STANDARD = gnu11;
				GCC_NO_COMMON_BLOCKS = YES;
				GCC_WARN_64_TO_32_BIT_CONVERSION = YES;
				GCC_WARN_ABOUT_RETURN_TYPE = YES_ERROR;
				GCC_WARN_UNDECLARED_SELECTOR = YES;
				GCC_WARN_UNINITIALIZED_AUTOS = YES_AGGRESSIVE;
				GCC_WARN_UNUSED_FUNCTION = YES;
				GCC_WARN_UNUSED_VARIABLE = YES;
				IPHONEOS_DEPLOYMENT_TARGET = 15.2;
				MTL_ENABLE_DEBUG_INFO = NO;
				MTL_FAST_MATH = YES;
				SDKROOT = iphoneos;
				SWIFT_COMPILATION_MODE = wholemodule;
				SWIFT_OPTIMIZATION_LEVEL = "-O";
				VALIDATE_PRODUCT = YES;
			};
			name = Release;
		};
		C560158D28760E06008274D1 /* Debug */ = {
			isa = XCBuildConfiguration;
			buildSettings = {
				ASSETCATALOG_COMPILER_APPICON_NAME = AppIcon;
				ASSETCATALOG_COMPILER_GLOBAL_ACCENT_COLOR_NAME = AccentColor;
				CODE_SIGN_STYLE = Automatic;
				CURRENT_PROJECT_VERSION = 1;
				DEVELOPMENT_TEAM = 75UV9J33HN;
				GENERATE_INFOPLIST_FILE = YES;
				INFOPLIST_FILE = IAInteractive/Info.plist;
				INFOPLIST_KEY_UIApplicationSupportsIndirectInputEvents = YES;
				INFOPLIST_KEY_UILaunchStoryboardName = LaunchScreen;
				INFOPLIST_KEY_UIMainStoryboardFile = LogView;
				INFOPLIST_KEY_UISupportedInterfaceOrientations_iPad = "UIInterfaceOrientationPortrait UIInterfaceOrientationPortraitUpsideDown UIInterfaceOrientationLandscapeLeft UIInterfaceOrientationLandscapeRight";
				INFOPLIST_KEY_UISupportedInterfaceOrientations_iPhone = "UIInterfaceOrientationPortrait UIInterfaceOrientationLandscapeLeft UIInterfaceOrientationLandscapeRight";
				LD_RUNPATH_SEARCH_PATHS = (
					"$(inherited)",
					"@executable_path/Frameworks",
				);
				MARKETING_VERSION = 1.0;
				PRODUCT_BUNDLE_IDENTIFIER = com.maurzac.IAInteractive;
				PRODUCT_NAME = "$(TARGET_NAME)";
				SWIFT_EMIT_LOC_STRINGS = YES;
				SWIFT_VERSION = 5.0;
				TARGETED_DEVICE_FAMILY = "1,2";
			};
			name = Debug;
		};
		C560158E28760E06008274D1 /* Release */ = {
			isa = XCBuildConfiguration;
			buildSettings = {
				ASSETCATALOG_COMPILER_APPICON_NAME = AppIcon;
				ASSETCATALOG_COMPILER_GLOBAL_ACCENT_COLOR_NAME = AccentColor;
				CODE_SIGN_STYLE = Automatic;
				CURRENT_PROJECT_VERSION = 1;
				DEVELOPMENT_TEAM = 75UV9J33HN;
				GENERATE_INFOPLIST_FILE = YES;
				INFOPLIST_FILE = IAInteractive/Info.plist;
				INFOPLIST_KEY_UIApplicationSupportsIndirectInputEvents = YES;
				INFOPLIST_KEY_UILaunchStoryboardName = LaunchScreen;
				INFOPLIST_KEY_UIMainStoryboardFile = LogView;
				INFOPLIST_KEY_UISupportedInterfaceOrientations_iPad = "UIInterfaceOrientationPortrait UIInterfaceOrientationPortraitUpsideDown UIInterfaceOrientationLandscapeLeft UIInterfaceOrientationLandscapeRight";
				INFOPLIST_KEY_UISupportedInterfaceOrientations_iPhone = "UIInterfaceOrientationPortrait UIInterfaceOrientationLandscapeLeft UIInterfaceOrientationLandscapeRight";
				LD_RUNPATH_SEARCH_PATHS = (
					"$(inherited)",
					"@executable_path/Frameworks",
				);
				MARKETING_VERSION = 1.0;
				PRODUCT_BUNDLE_IDENTIFIER = com.maurzac.IAInteractive;
				PRODUCT_NAME = "$(TARGET_NAME)";
				SWIFT_EMIT_LOC_STRINGS = YES;
				SWIFT_VERSION = 5.0;
				TARGETED_DEVICE_FAMILY = "1,2";
			};
			name = Release;
		};
/* End XCBuildConfiguration section */

/* Begin XCConfigurationList section */
		C560157328760E05008274D1 /* Build configuration list for PBXProject "IAInteractive" */ = {
			isa = XCConfigurationList;
			buildConfigurations = (
				C560158A28760E06008274D1 /* Debug */,
				C560158B28760E06008274D1 /* Release */,
			);
			defaultConfigurationIsVisible = 0;
			defaultConfigurationName = Release;
		};
		C560158C28760E06008274D1 /* Build configuration list for PBXNativeTarget "IAInteractive" */ = {
			isa = XCConfigurationList;
			buildConfigurations = (
				C560158D28760E06008274D1 /* Debug */,
				C560158E28760E06008274D1 /* Release */,
			);
			defaultConfigurationIsVisible = 0;
			defaultConfigurationName = Release;
		};
/* End XCConfigurationList section */
	};
	rootObject = C560157028760E05008274D1 /* Project object */;
}
